hash: 1ec4f31ed972d14e55d91a1ce9ceac95a0730d69c00e896604a190f5deb767fb
updated: 2017-04-05T14:27:06.260384982-05:00
imports:
- name: github.com/james4k/rcon
  version: 8fbb8268b60ac3303900326e126be05d504ab63d
- name: github.com/spf13/cobra
  version: fcd0c5a1df88f5d6784cb4feead962c3f3d0b66c
- name: github.com/spf13/viper
  version: 84f94806c67f59dd7ae87bc5351f7a9c94a4558d
testImports: []
